
Microsoft Visual Studio Solution File, Format Version 11.00
# Visual Studio 2010
Project("{FAE04EC0-301F-11D3-BF4B-00C04F79EFBC}") = "Assembly-CSharp", "Assembly-CSharp.csproj", "{cfb07ac2-987a-48d6-4af6-260983587abf}"
EndProject
Project("{FAE04EC0-301F-11D3-BF4B-00C04F79EFBC}") = "Assembly-CSharp-Editor", "Assembly-CSharp-Editor.csproj", "{d3ae749b-58e5-56f6-9dd8-8b8eeb50c9f7}"
EndProject
Project("{FAE04EC0-301F-11D3-BF4B-00C04F79EFBC}") = "Assembly-CSharp-firstpass", "Assembly-CSharp-firstpass.csproj", "{3b1ae0bf-1b58-d24a-2ded-0080f97de2ee}"
EndProject
Global
	GlobalSection(SolutionConfigurationPlatforms) = preSolution
		Debug|Any CPU = Debug|Any CPU
	EndGlobalSection
	GlobalSection(ProjectConfigurationPlatforms) = postSolution
		{cfb07ac2-987a-48d6-4af6-260983587abf}.Debug|Any CPU.ActiveCfg = Debug|Any CPU
		{cfb07ac2-987a-48d6-4af6-260983587abf}.Debug|Any CPU.Build.0 = Debug|Any CPU
		{d3ae749b-58e5-56f6-9dd8-8b8eeb50c9f7}.Debug|Any CPU.ActiveCfg = Debug|Any CPU
		{d3ae749b-58e5-56f6-9dd8-8b8eeb50c9f7}.Debug|Any CPU.Build.0 = Debug|Any CPU
		{3b1ae0bf-1b58-d24a-2ded-0080f97de2ee}.Debug|Any CPU.ActiveCfg = Debug|Any CPU
		{3b1ae0bf-1b58-d24a-2ded-0080f97de2ee}.Debug|Any CPU.Build.0 = Debug|Any CPU
	EndGlobalSection
	GlobalSection(SolutionProperties) = preSolution
		HideSolutionNode = FALSE
	EndGlobalSection
EndGlobal
